// !$*UTF8*$!
{
	archiveVersion = 1;
	classes = {
	};
	objectVersion = 56;
	objects = {

/* Begin PBXBuildFile section */
		CEAD8A1629C7A13E001D58A0 /* AppDelegate.swift in Sources */ = {isa = PBXBuildFile; fileRef = CEAD8A1529C7A13E001D58A0 /* AppDelegate.swift */; };
		CEAD8A1829C7A13E001D58A0 /* SceneDelegate.swift in Sources */ = {isa = PBXBuildFile; fileRef = CEAD8A1729C7A13E001D58A0 /* SceneDelegate.swift */; };
		CEAD8A1A29C7A13E001D58A0 /* ViewController.swift in Sources */ = {isa = PBXBuildFile; fileRef = CEAD8A1929C7A13E001D58A0 /* ViewController.swift */; };
		CEAD8A1D29C7A13E001D58A0 /* Main.storyboard in Resources */ = {isa = PBXBuildFile; fileRef = CEAD8A1B29C7A13E001D58A0 /* Main.storyboard */; };
		CEAD8A1F29C7A140001D58A0 /* Assets.xcassets in Resources */ = {isa = PBXBuildFile; fileRef = CEAD8A1E29C7A140001D58A0 /* Assets.xcassets */; };
		CEAD8A2229C7A140001D58A0 /* LaunchScreen.storyboard in Resources */ = {isa = PBXBuildFile; fileRef = CEAD8A2029C7A140001D58A0 /* LaunchScreen.storyboard */; };
		CEAD8A2A29C7A3FC001D58A0 /* CollectionViewCell.swift in Sources */ = {isa = PBXBuildFile; fileRef = CEAD8A2929C7A3FC001D58A0 /* CollectionViewCell.swift */; };
		CEAD8A2C29C7C942001D58A0 /* HeaderReusableView.swift in Sources */ = {isa = PBXBuildFile; fileRef = CEAD8A2B29C7C942001D58A0 /* HeaderReusableView.swift */; };
		CEAD8A2E29C7D02F001D58A0 /* CollapsibleView.swift in Sources */ = {isa = PBXBuildFile; fileRef = CEAD8A2D29C7D02F001D58A0 /* CollapsibleView.swift */; };
/* End PBXBuildFile section */

/* Begin PBXFileReference section */
		CEAD8A1229C7A13E001D58A0 /* DynamicCollectionHeight.app */ = {isa = PBXFileReference; explicitFileType = wrapper.application; includeInIndex = 0; path = DynamicCollectionHeight.app; sourceTree = BUILT_PRODUCTS_DIR; };
		CEAD8A1529C7A13E001D58A0 /* AppDelegate.swift */ = {isa = PBXFileReference; lastKnownFileType = sourcecode.swift; path = AppDelegate.swift; sourceTree = "<group>"; };
		CEAD8A1729C7A13E001D58A0 /* SceneDelegate.swift */ = {isa = PBXFileReference; lastKnownFileType = sourcecode.swift; path = SceneDelegate.swift; sourceTree = "<group>"; };
		CEAD8A1929C7A13E001D58A0 /* ViewController.swift */ = {isa = PBXFileReference; lastKnownFileType = sourcecode.swift; path = ViewController.swift; sourceTree = "<group>"; };
		CEAD8A1C29C7A13E001D58A0 /* Base */ = {isa = PBXFileReference; lastKnownFileType = file.storyboard; name = Base; path = Base.lproj/Main.storyboard; sourceTree = "<group>"; };
		CEAD8A1E29C7A140001D58A0 /* Assets.xcassets */ = {isa = PBXFileReference; lastKnownFileType = folder.assetcatalog; path = Assets.xcassets; sourceTree = "<group>"; };
		CEAD8A2129C7A140001D58A0 /* Base */ = {isa = PBXFileReference; lastKnownFileType = file.storyboard; name = Base; path = Base.lproj/LaunchScreen.storyboard; sourceTree = "<group>"; };
		CEAD8A2329C7A140001D58A0 /* Info.plist */ = {isa = PBXFileReference; lastKnownFileType = text.plist.xml; path = Info.plist; sourceTree = "<group>"; };
		CEAD8A2929C7A3FC001D58A0 /* CollectionViewCell.swift */ = {isa = PBXFileReference; lastKnownFileType = sourcecode.swift; path = CollectionViewCell.swift; sourceTree = "<group>"; };
		CEAD8A2B29C7C942001D58A0 /* HeaderReusableView.swift */ = {isa = PBXFileReference; lastKnownFileType = sourcecode.swift; path = HeaderReusableView.swift; sourceTree = "<group>"; };
		CEAD8A2D29C7D02F001D58A0 /* CollapsibleView.swift */ = {isa = PBXFileReference; lastKnownFileType = sourcecode.swift; path = CollapsibleView.swift; sourceTree = "<group>"; };
/* End PBXFileReference section */

/* Begin PBXFrameworksBuildPhase section */
		CEAD8A0F29C7A13E001D58A0 /* Frameworks */ = {
			isa = PBXFrameworksBuildPhase;
			buildActionMask = 2147483647;
			files = (
			);
			runOnlyForDeploymentPostprocessing = 0;
		};
/* End PBXFrameworksBuildPhase section */

/* Begin PBXGroup section */
		CEAD8A0929C7A13E001D58A0 = {
			isa = PBXGroup;
			children = (
				CEAD8A1429C7A13E001D58A0 /* DynamicCollectionHeight */,
				CEAD8A1329C7A13E001D58A0 /* Products */,
			);
			sourceTree = "<group>";
		};
		CEAD8A1329C7A13E001D58A0 /* Products */ = {
			isa = PBXGroup;
			children = (
				CEAD8A1229C7A13E001D58A0 /* DynamicCollectionHeight.app */,
			);
			name = Products;
			sourceTree = "<group>";
		};
		CEAD8A1429C7A13E001D58A0 /* DynamicCollectionHeight */ = {
			isa = PBXGroup;
			children = (
				CEAD8A1529C7A13E001D58A0 /* AppDelegate.swift */,
				CEAD8A1729C7A13E001D58A0 /* SceneDelegate.swift */,
				CEAD8A1929C7A13E001D58A0 /* ViewController.swift */,
				CEAD8A1B29C7A13E001D58A0 /* Main.storyboard */,
				CEAD8A1E29C7A140001D58A0 /* Assets.xcassets */,
				CEAD8A2029C7A140001D58A0 /* LaunchScreen.storyboard */,
				CEAD8A2329C7A140001D58A0 /* Info.plist */,
				CEAD8A2929C7A3FC001D58A0 /* CollectionViewCell.swift */,
				CEAD8A2B29C7C942001D58A0 /* HeaderReusableView.swift */,
				CEAD8A2D29C7D02F001D58A0 /* CollapsibleView.swift */,
			);
			path = DynamicCollectionHeight;
			sourceTree = "<group>";
		};
/* End PBXGroup section */

/* Begin PBXNativeTarget section */
		CEAD8A1129C7A13E001D58A0 /* DynamicCollectionHeight */ = {
			isa = PBXNativeTarget;
			buildConfigurationList = CEAD8A2629C7A140001D58A0 /* Build configuration list for PBXNativeTarget "DynamicCollectionHeight" */;
			buildPhases = (
				CEAD8A0E29C7A13E001D58A0 /* Sources */,
				CEAD8A0F29C7A13E001D58A0 /* Frameworks */,
				CEAD8A1029C7A13E001D58A0 /* Resources */,
			);
			buildRules = (
			);
			dependencies = (
			);
			name = DynamicCollectionHeight;
			productName = DynamicCollectionHeight;
			productReference = CEAD8A1229C7A13E001D58A0 /* DynamicCollectionHeight.app */;
			productType = "com.apple.product-type.application";
		};
/* End PBXNativeTarget section */

/* Begin PBXProject section */
		CEAD8A0A29C7A13E001D58A0 /* Project object */ = {
			isa = PBXProject;
			attributes = {
				BuildIndependentTargetsInParallel = 1;
				LastSwiftUpdateCheck = 1420;
				LastUpgradeCheck = 1420;
				TargetAttributes = {
					CEAD8A1129C7A13E001D58A0 = {
						CreatedOnToolsVersion = 14.2;
					};
				};
			};
			buildConfigurationList = CEAD8A0D29C7A13E001D58A0 /* Build configuration list for PBXProject "DynamicCollectionHeight" */;
			compatibilityVersion = "Xcode 14.0";
			developmentRegion = en;
			hasScannedForEncodings = 0;
			knownRegions = (
				en,
				Base,
			);
			mainGroup = CEAD8A0929C7A13E001D58A0;
			productRefGroup = CEAD8A1329C7A13E001D58A0 /* Products */;
			projectDirPath = "";
			projectRoot = "";
			targets = (
				CEAD8A1129C7A13E001D58A0 /* DynamicCollectionHeight */,
			);
		};
/* End PBXProject section */

/* Begin PBXResourcesBuildPhase section */
		CEAD8A1029C7A13E001D58A0 /* Resources */ = {
			isa = PBXResourcesBuildPhase;
			buildActionMask = 2147483647;
			files = (
				CEAD8A2229C7A140001D58A0 /* LaunchScreen.storyboard in Resources */,
				CEAD8A1F29C7A140001D58A0 /* Assets.xcassets in Resources */,
				CEAD8A1D29C7A13E001D58A0 /* Main.storyboard in Resources */,
			);
			runOnlyForDeploymentPostprocessing = 0;
		};
/* End PBXResourcesBuildPhase section */

/* Begin PBXSourcesBuildPhase section */
		CEAD8A0E29C7A13E001D58A0 /* Sources */ = {
			isa = PBXSourcesBuildPhase;
			buildActionMask = 2147483647;
			files = (
				CEAD8A1A29C7A13E001D58A0 /* ViewController.swift in Sources */,
				CEAD8A1629C7A13E001D58A0 /* AppDelegate.swift in Sources */,
				CEAD8A2C29C7C942001D58A0 /* HeaderReusableView.swift in Sources */,
				CEAD8A2E29C7D02F001D58A0 /* CollapsibleView.swift in Sources */,
				CEAD8A2A29C7A3FC001D58A0 /* CollectionViewCell.swift in Sources */,
				CEAD8A1829C7A13E001D58A0 /* SceneDelegate.swift in Sources */,
			);
			runOnlyForDeploymentPostprocessing = 0;
		};
/* End PBXSourcesBuildPhase section */

/* Begin PBXVariantGroup section */
		CEAD8A1B29C7A13E001D58A0 /* Main.storyboard */ = {
			isa = PBXVariantGroup;
			children = (
				CEAD8A1C29C7A13E001D58A0 /* Base */,
			);
			name = Main.storyboard;
			sourceTree = "<group>";
		};
		CEAD8A2029C7A140001D58A0 /* LaunchScreen.storyboard */ = {
			isa = PBXVariantGroup;
			children = (
				CEAD8A2129C7A140001D58A0 /* Base */,
			);
			name = LaunchScreen.storyboard;
			sourceTree = "<group>";
		};
/* End PBXVariantGroup section */

/* Begin XCBuildConfiguration section */
		CEAD8A2429C7A140001D58A0 /* Debug */ = {
			isa = XCBuildConfiguration;
			buildSettings = {
				ALWAYS_SEARCH_USER_PATHS = NO;
				CLANG_ANALYZER_NONNULL = YES;
				CLANG_ANALYZER_NUMBER_OBJECT_CONVERSION = YES_AGGRESSIVE;
				CLANG_CXX_LANGUAGE_STANDARD = "gnu++20";
				CLANG_ENABLE_MODULES = YES;
				CLANG_ENABLE_OBJC_ARC = YES;
				CLANG_ENABLE_OBJC_WEAK = YES;
				CLANG_WARN_BLOCK_CAPTURE_AUTORELEASING = YES;
				CLANG_WARN_BOOL_CONVERSION = YES;
				CLANG_WARN_COMMA = YES;
				CLANG_WARN_CONSTANT_CONVERSION = YES;
				CLANG_WARN_DEPRECATED_OBJC_IMPLEMENTATIONS = YES;
				CLANG_WARN_DIRECT_OBJC_ISA_USAGE = YES_ERROR;
				CLANG_WARN_DOCUMENTATION_COMMENTS = YES;
				CLANG_WARN_EMPTY_BODY = YES;
				CLANG_WARN_ENUM_CONVERSION = YES;
				CLANG_WARN_INFINITE_RECURSION = YES;
				CLANG_WARN_INT_CONVERSION = YES;
				CLANG_WARN_NON_LITERAL_NULL_CONVERSION = YES;
				CLANG_WARN_OBJC_IMPLICIT_RETAIN_SELF = YES;
				CLANG_WARN_OBJC_LITERAL_CONVERSION = YES;
				CLANG_WARN_OBJC_ROOT_CLASS = YES_ERROR;
				CLANG_WARN_QUOTED_INCLUDE_IN_FRAMEWORK_HEADER = YES;
				CLANG_WARN_RANGE_LOOP_ANALYSIS = YES;
				CLANG_WARN_STRICT_PROTOTYPES = YES;
				CLANG_WARN_SUSPICIOUS_MOVE = YES;
				CLANG_WARN_UNGUARDED_AVAILABILITY = YES_AGGRESSIVE;
				CLANG_WARN_UNREACHABLE_CODE = YES;
				CLANG_WARN__DUPLICATE_METHOD_MATCH = YES;
				COPY_PHASE_STRIP = NO;
				DEBUG_INFORMATION_FORMAT = dwarf;
				ENABLE_STRICT_OBJC_MSGSEND = YES;
				ENABLE_TESTABILITY = YES;
				GCC_C_LANGUAGE_STANDARD = gnu11;
				GCC_DYNAMIC_NO_PIC = NO;
				GCC_NO_COMMON_BLOCKS = YES;
				GCC_OPTIMIZATION_LEVEL = 0;
				GCC_PREPROCESSOR_DEFINITIONS = (
					"DEBUG=1",
					"$(inherited)",
				);
				GCC_WARN_64_TO_32_BIT_CONVERSION = YES;
				GCC_WARN_ABOUT_RETURN_TYPE = YES_ERROR;
				GCC_WARN_UNDECLARED_SELECTOR = YES;
				GCC_WARN_UNINITIALIZED_AUTOS = YES_AGGRESSIVE;
				GCC_WARN_UNUSED_FUNCTION = YES;
				GCC_WARN_UNUSED_VARIABLE = YES;
				IPHONEOS_DEPLOYMENT_TARGET = 16.2;
				MTL_ENABLE_DEBUG_INFO = INCLUDE_SOURCE;
				MTL_FAST_MATH = YES;
				ONLY_ACTIVE_ARCH = YES;
				SDKROOT = iphoneos;
				SWIFT_ACTIVE_COMPILATION_CONDITIONS = DEBUG;
				SWIFT_OPTIMIZATION_LEVEL = "-Onone";
			};
			name = Debug;
		};
		CEAD8A2529C7A140001D58A0 /* Release */ = {
			isa = XCBuildConfiguration;
			buildSettings = {
				ALWAYS_SEARCH_USER_PATHS = NO;
				CLANG_ANALYZER_NONNULL = YES;
				CLANG_ANALYZER_NUMBER_OBJECT_CONVERSION = YES_AGGRESSIVE;
				CLANG_CXX_LANGUAGE_STANDARD = "gnu++20";
				CLANG_ENABLE_MODULES = YES;
				CLANG_ENABLE_OBJC_ARC = YES;
				CLANG_ENABLE_OBJC_WEAK = YES;
				CLANG_WARN_BLOCK_CAPTURE_AUTORELEASING = YES;
				CLANG_WARN_BOOL_CONVERSION = YES;
				CLANG_WARN_COMMA = YES;
				CLANG_WARN_CONSTANT_CONVERSION = YES;
				CLANG_WARN_DEPRECATED_OBJC_IMPLEMENTATIONS = YES;
				CLANG_WARN_DIRECT_OBJC_ISA_USAGE = YES_ERROR;
				CLANG_WARN_DOCUMENTATION_COMMENTS = YES;
				CLANG_WARN_EMPTY_BODY = YES;
				CLANG_WARN_ENUM_CONVERSION = YES;
				CLANG_WARN_INFINITE_RECURSION = YES;
				CLANG_WARN_INT_CONVERSION = YES;
				CLANG_WARN_NON_LITERAL_NULL_CONVERSION = YES;
				CLANG_WARN_OBJC_IMPLICIT_RETAIN_SELF = YES;
				CLANG_WARN_OBJC_LITERAL_CONVERSION = YES;
				CLANG_WARN_OBJC_ROOT_CLASS = YES_ERROR;
				CLANG_WARN_QUOTED_INCLUDE_IN_FRAMEWORK_HEADER = YES;
				CLANG_WARN_RANGE_LOOP_ANALYSIS = YES;
				CLANG_WARN_STRICT_PROTOTYPES = YES;
				CLANG_WARN_SUSPICIOUS_MOVE = YES;
				CLANG_WARN_UNGUARDED_AVAILABILITY = YES_AGGRESSIVE;
				CLANG_WARN_UNREACHABLE_CODE = YES;
				CLANG_WARN__DUPLICATE_METHOD_MATCH = YES;
				COPY_PHASE_STRIP = NO;
				DEBUG_INFORMATION_FORMAT = "dwarf-with-dsym";
				ENABLE_NS_ASSERTIONS = NO;
				ENABLE_STRICT_OBJC_MSGSEND = YES;
				GCC_C_LANGUAGE_STANDARD = gnu11;
				GCC_NO_COMMON_BLOCKS = YES;
				GCC_WARN_64_TO_32_BIT_CONVERSION = YES;
				GCC_WARN_ABOUT_RETURN_TYPE = YES_ERROR;
				GCC_WARN_UNDECLARED_SELECTOR = YES;
				GCC_WARN_UNINITIALIZED_AUTOS = YES_AGGRESSIVE;
				GCC_WARN_UNUSED_FUNCTION = YES;
				GCC_WARN_UNUSED_VARIABLE = YES;
				IPHONEOS_DEPLOYMENT_TARGET = 16.2;
				MTL_ENABLE_DEBUG_INFO = NO;
				MTL_FAST_MATH = YES;
				SDKROOT = iphoneos;
				SWIFT_COMPILATION_MODE = wholemodule;
				SWIFT_OPTIMIZATION_LEVEL = "-O";
				VALIDATE_PRODUCT = YES;
			};
			name = Release;
		};
		CEAD8A2729C7A140001D58A0 /* Debug */ = {
			isa = XCBuildConfiguration;
			buildSettings = {
				ASSETCATALOG_COMPILER_APPICON_NAME = AppIcon;
				ASSETCATALOG_COMPILER_GLOBAL_ACCENT_COLOR_NAME = AccentColor;
				CODE_SIGN_STYLE = Automatic;
				CURRENT_PROJECT_VERSION = 1;
				DEVELOPMENT_TEAM = 62QSFUN7S7;
				GENERATE_INFOPLIST_FILE = YES;
				INFOPLIST_FILE = DynamicCollectionHeight/Info.plist;
				INFOPLIST_KEY_UIApplicationSupportsIndirectInputEvents = YES;
				INFOPLIST_KEY_UILaunchStoryboardName = LaunchScreen;
				INFOPLIST_KEY_UIMainStoryboardFile = Main;
				INFOPLIST_KEY_UISupportedInterfaceOrientations_iPad = "UIInterfaceOrientationPortrait UIInterfaceOrientationPortraitUpsideDown UIInterfaceOrientationLandscapeLeft UIInterfaceOrientationLandscapeRight";
				INFOPLIST_KEY_UISupportedInterfaceOrientations_iPhone = "UIInterfaceOrientationPortrait UIInterfaceOrientationLandscapeLeft UIInterfaceOrientationLandscapeRight";
				LD_RUNPATH_SEARCH_PATHS = (
					"$(inherited)",
					"@executable_path/Frameworks",
				);
				MARKETING_VERSION = 1.0;
				PRODUCT_BUNDLE_IDENTIFIER = com.dyaremyshyn.DynamicCollectionHeight;
				PRODUCT_NAME = "$(TARGET_NAME)";
				SWIFT_EMIT_LOC_STRINGS = YES;
				SWIFT_VERSION = 5.0;
				TARGETED_DEVICE_FAMILY = "1,2";
			};
			name = Debug;
		};
		CEAD8A2829C7A140001D58A0 /* Release */ = {
			isa = XCBuildConfiguration;
			buildSettings = {
				ASSETCATALOG_COMPILER_APPICON_NAME = AppIcon;
				ASSETCATALOG_COMPILER_GLOBAL_ACCENT_COLOR_NAME = AccentColor;
				CODE_SIGN_STYLE = Automatic;
				CURRENT_PROJECT_VERSION = 1;
				DEVELOPMENT_TEAM = 62QSFUN7S7;
				GENERATE_INFOPLIST_FILE = YES;
				INFOPLIST_FILE = DynamicCollectionHeight/Info.plist;
				INFOPLIST_KEY_UIApplicationSupportsIndirectInputEvents = YES;
				INFOPLIST_KEY_UILaunchStoryboardName = LaunchScreen;
				INFOPLIST_KEY_UIMainStoryboardFile = Main;
				INFOPLIST_KEY_UISupportedInterfaceOrientations_iPad = "UIInterfaceOrientationPortrait UIInterfaceOrientationPortraitUpsideDown UIInterfaceOrientationLandscapeLeft UIInterfaceOrientationLandscapeRight";
				INFOPLIST_KEY_UISupportedInterfaceOrientations_iPhone = "UIInterfaceOrientationPortrait UIInterfaceOrientationLandscapeLeft UIInterfaceOrientationLandscapeRight";
				LD_RUNPATH_SEARCH_PATHS = (
					"$(inherited)",
					"@executable_path/Frameworks",
				);
				MARKETING_VERSION = 1.0;
				PRODUCT_BUNDLE_IDENTIFIER = com.dyaremyshyn.DynamicCollectionHeight;
				PRODUCT_NAME = "$(TARGET_NAME)";
				SWIFT_EMIT_LOC_STRINGS = YES;
				SWIFT_VERSION = 5.0;
				TARGETED_DEVICE_FAMILY = "1,2";
			};
			name = Release;
		};
/* End XCBuildConfiguration section */

/* Begin XCConfigurationList section */
		CEAD8A0D29C7A13E001D58A0 /* Build configuration list for PBXProject "DynamicCollectionHeight" */ = {
			isa = XCConfigurationList;
			buildConfigurations = (
				CEAD8A2429C7A140001D58A0 /* Debug */,
				CEAD8A2529C7A140001D58A0 /* Release */,
			);
			defaultConfigurationIsVisible = 0;
			defaultConfigurationName = Release;
		};
		CEAD8A2629C7A140001D58A0 /* Build configuration list for PBXNativeTarget "DynamicCollectionHeight" */ = {
			isa = XCConfigurationList;
			buildConfigurations = (
				CEAD8A2729C7A140001D58A0 /* Debug */,
				CEAD8A2829C7A140001D58A0 /* Release */,
			);
			defaultConfigurationIsVisible = 0;
			defaultConfigurationName = Release;
		};
/* End XCConfigurationList section */
	};
	rootObject = CEAD8A0A29C7A13E001D58A0 /* Project object */;
}
